5261873e4a940f5c83d2e07c5b873317f6ee9f345a2d8c14686e2845ef51424a  cases/holdout/concise.json
a1ddcf743f60052ea6a7055d72ab1f8f9ac88fa035b6861356d242d1a41808d8  cases/holdout/dictation.json
8ec765feaf601c2ad243bd9380a78c41315749aa79c440f51cceb8cd41e2e49f  cases/holdout/formal.json
8f92cf075babc3992b51298559f616392e6f75a387ed7e3c3767933b2c59d123  cases/holdout/friends.json
5a6e1134f3204cda497967f3cb5c094077671ad27f1c0061637efc0a1b5dd9c3  cases/holdout/spelling.json
8ac1141de41e9667b3ab6cae8c0f6862ac3d2cb595afc68e1850a2bfdcd61a1e  cases/holdout/synthesis.json
1c28c7905bd93b2ef7e795fe19d27b485799899b18220bc6b4e0922ae8f1cd15  cases/holdout/work.json
f02a7756f280699106e699c6d8f7c0c6209a7cbe1006343adec6c5e6b3bc14eb  gate-v1.json
d4c9a3cfbc57efa3fcb2046adff5a25280ca4d1997b51cda901e16a919d42d73  gate-v2.json
